
Microsoft Visual Studio Solution File, Format Version 12.00
# Visual Studio Version 16
VisualStudioVersion = 16.0.31702.278
MinimumVisualStudioVersion = 10.0.40219.1
Project("{FAE04EC0-301F-11D3-BF4B-00C04F79EFBC}") = "Wpf_16.1", "Wpf_16.1\Wpf_16.1.csproj", "{4585B185-89F8-4D35-ABB1-E62CA6D9C30D}"
EndProject
Project("{FAE04EC0-301F-11D3-BF4B-00C04F79EFBC}") = "Wpf16.1.2", "Wpf16.1.2\Wpf16.1.2.csproj", "{C3B108CF-733E-4F1F-ABEF-D4B6460B5980}"
EndProject
Project("{FAE04EC0-301F-11D3-BF4B-00C04F79EFBC}") = "Wpf16.1.3", "Wpf16.1.3\Wpf16.1.3.csproj", "{58389C4A-8764-4F93-B01B-F8C3DE191E55}"
EndProject
Project("{FAE04EC0-301F-11D3-BF4B-00C04F79EFBC}") = "Wpf16.1.4", "Wpf16.1.4\Wpf16.1.4.csproj", "{4AF5AC8C-9F68-4D3E-8812-668139C9EE69}"
EndProject
Global
	GlobalSection(SolutionConfigurationPlatforms) = preSolution
		Debug|Any CPU = Debug|Any CPU
		Release|Any CPU = Release|Any CPU
	EndGlobalSection
	GlobalSection(ProjectConfigurationPlatforms) = postSolution
		{4585B185-89F8-4D35-ABB1-E62CA6D9C30D}.Debug|Any CPU.ActiveCfg = Debug|Any CPU
		{4585B185-89F8-4D35-ABB1-E62CA6D9C30D}.Debug|Any CPU.Build.0 = Debug|Any CPU
		{4585B185-89F8-4D35-ABB1-E62CA6D9C30D}.Release|Any CPU.ActiveCfg = Release|Any CPU
		{4585B185-89F8-4D35-ABB1-E62CA6D9C30D}.Release|Any CPU.Build.0 = Release|Any CPU
		{C3B108CF-733E-4F1F-ABEF-D4B6460B5980}.Debug|Any CPU.ActiveCfg = Debug|Any CPU
		{C3B108CF-733E-4F1F-ABEF-D4B6460B5980}.Debug|Any CPU.Build.0 = Debug|Any CPU
		{C3B108CF-733E-4F1F-ABEF-D4B6460B5980}.Release|Any CPU.ActiveCfg = Release|Any CPU
		{C3B108CF-733E-4F1F-ABEF-D4B6460B5980}.Release|Any CPU.Build.0 = Release|Any CPU
		{58389C4A-8764-4F93-B01B-F8C3DE191E55}.Debug|Any CPU.ActiveCfg = Debug|Any CPU
		{58389C4A-8764-4F93-B01B-F8C3DE191E55}.Debug|Any CPU.Build.0 = Debug|Any CPU
		{58389C4A-8764-4F93-B01B-F8C3DE191E55}.Release|Any CPU.ActiveCfg = Release|Any CPU
		{58389C4A-8764-4F93-B01B-F8C3DE191E55}.Release|Any CPU.Build.0 = Release|Any CPU
		{4AF5AC8C-9F68-4D3E-8812-668139C9EE69}.Debug|Any CPU.ActiveCfg = Debug|Any CPU
		{4AF5AC8C-9F68-4D3E-8812-668139C9EE69}.Debug|Any CPU.Build.0 = Debug|Any CPU
		{4AF5AC8C-9F68-4D3E-8812-668139C9EE69}.Release|Any CPU.ActiveCfg = Release|Any CPU
		{4AF5AC8C-9F68-4D3E-8812-668139C9EE69}.Release|Any CPU.Build.0 = Release|Any CPU
	EndGlobalSection
	GlobalSection(SolutionProperties) = preSolution
		HideSolutionNode = FALSE
	EndGlobalSection
	GlobalSection(ExtensibilityGlobals) = postSolution
		SolutionGuid = {5B86209B-BA3D-4B85-910B-8C045A3EDCA5}
	EndGlobalSection
EndGlobal
